
Microsoft Visual Studio Solution File, Format Version 12.00
# Visual Studio 15
Project("{FAE04EC0-301F-11D3-BF4B-00C04F79EFBC}") = "Assembly-CSharp", "Assembly-CSharp.csproj", "{40A3D295-0913-40F9-F405-B7B6B5BEA0F3}"
EndProject
Project("{FAE04EC0-301F-11D3-BF4B-00C04F79EFBC}") = "FMODUnityResonance", "FMODUnityResonance.csproj", "{6100EAD8-A0B1-9C93-40E3-13A33C71B98B}"
EndProject
Project("{FAE04EC0-301F-11D3-BF4B-00C04F79EFBC}") = "FMODUnity", "FMODUnity.csproj", "{202B734F-5DFB-FCFE-6A9E-414CAA09332A}"
EndProject
Project("{FAE04EC0-301F-11D3-BF4B-00C04F79EFBC}") = "FMODUnityEditor", "FMODUnityEditor.csproj", "{C67BD255-5250-9A8D-1F32-3941BC7EDB92}"
EndProject
Project("{FAE04EC0-301F-11D3-BF4B-00C04F79EFBC}") = "FMODUnityResonanceEditor", "FMODUnityResonanceEditor.csproj", "{9F8F8BCD-1558-14A5-5636-9B7835690AE6}"
EndProject
Global
	GlobalSection(SolutionConfigurationPlatforms) = preSolution
		Debug|Any CPU = Debug|Any CPU
		Release|Any CPU = Release|Any CPU
	EndGlobalSection
	GlobalSection(ProjectConfigurationPlatforms) = postSolution
		{40A3D295-0913-40F9-F405-B7B6B5BEA0F3}.Debug|Any CPU.ActiveCfg = Debug|Any CPU
		{40A3D295-0913-40F9-F405-B7B6B5BEA0F3}.Debug|Any CPU.Build.0 = Debug|Any CPU
		{40A3D295-0913-40F9-F405-B7B6B5BEA0F3}.Release|Any CPU.ActiveCfg = Release|Any CPU
		{40A3D295-0913-40F9-F405-B7B6B5BEA0F3}.Release|Any CPU.Build.0 = Release|Any CPU
		{6100EAD8-A0B1-9C93-40E3-13A33C71B98B}.Debug|Any CPU.ActiveCfg = Debug|Any CPU
		{6100EAD8-A0B1-9C93-40E3-13A33C71B98B}.Debug|Any CPU.Build.0 = Debug|Any CPU
		{6100EAD8-A0B1-9C93-40E3-13A33C71B98B}.Release|Any CPU.ActiveCfg = Release|Any CPU
		{6100EAD8-A0B1-9C93-40E3-13A33C71B98B}.Release|Any CPU.Build.0 = Release|Any CPU
		{202B734F-5DFB-FCFE-6A9E-414CAA09332A}.Debug|Any CPU.ActiveCfg = Debug|Any CPU
		{202B734F-5DFB-FCFE-6A9E-414CAA09332A}.Debug|Any CPU.Build.0 = Debug|Any CPU
		{202B734F-5DFB-FCFE-6A9E-414CAA09332A}.Release|Any CPU.ActiveCfg = Release|Any CPU
		{202B734F-5DFB-FCFE-6A9E-414CAA09332A}.Release|Any CPU.Build.0 = Release|Any CPU
		{C67BD255-5250-9A8D-1F32-3941BC7EDB92}.Debug|Any CPU.ActiveCfg = Debug|Any CPU
		{C67BD255-5250-9A8D-1F32-3941BC7EDB92}.Debug|Any CPU.Build.0 = Debug|Any CPU
		{C67BD255-5250-9A8D-1F32-3941BC7EDB92}.Release|Any CPU.ActiveCfg = Release|Any CPU
		{C67BD255-5250-9A8D-1F32-3941BC7EDB92}.Release|Any CPU.Build.0 = Release|Any CPU
		{9F8F8BCD-1558-14A5-5636-9B7835690AE6}.Debug|Any CPU.ActiveCfg = Debug|Any CPU
		{9F8F8BCD-1558-14A5-5636-9B7835690AE6}.Debug|Any CPU.Build.0 = Debug|Any CPU
		{9F8F8BCD-1558-14A5-5636-9B7835690AE6}.Release|Any CPU.ActiveCfg = Release|Any CPU
		{9F8F8BCD-1558-14A5-5636-9B7835690AE6}.Release|Any CPU.Build.0 = Release|Any CPU
	EndGlobalSection
	GlobalSection(SolutionProperties) = preSolution
		HideSolutionNode = FALSE
	EndGlobalSection
EndGlobal
